
Microsoft Visual Studio Solution File, Format Version 12.00
# Visual Studio Version 17
VisualStudioVersion = 17.9.34407.89
MinimumVisualStudioVersion = 10.0.40219.1
Project("{FAE04EC0-301F-11D3-BF4B-00C04F79EFBC}") = "XPACE.Google.ARCore", "XPACE.Google.ARCore.csproj", "{F7A908E8-D9E9-4856-A8BA-1860557EA1FC}"
EndProject
Global
	GlobalSection(SolutionConfigurationPlatforms) = preSolution
		Debug|Any CPU = Debug|Any CPU
		Release|Any CPU = Release|Any CPU
	EndGlobalSection
	GlobalSection(ProjectConfigurationPlatforms) = postSolution
		{F7A908E8-D9E9-4856-A8BA-1860557EA1FC}.Debug|Any CPU.ActiveCfg = Debug|Any CPU
		{F7A908E8-D9E9-4856-A8BA-1860557EA1FC}.Debug|Any CPU.Build.0 = Debug|Any CPU
		{F7A908E8-D9E9-4856-A8BA-1860557EA1FC}.Release|Any CPU.ActiveCfg = Release|Any CPU
		{F7A908E8-D9E9-4856-A8BA-1860557EA1FC}.Release|Any CPU.Build.0 = Release|Any CPU
	EndGlobalSection
	GlobalSection(SolutionProperties) = preSolution
		HideSolutionNode = FALSE
	EndGlobalSection
	GlobalSection(ExtensibilityGlobals) = postSolution
		SolutionGuid = {FB1D339D-2088-4437-9C6B-C48BFCDF69F3}
	EndGlobalSection
EndGlobal
